
Microsoft Visual Studio Solution File, Format Version 12.00
# Visual Studio Version 16
VisualStudioVersion = 16.0.31004.235
MinimumVisualStudioVersion = 10.0.40219.1
Project("{9A19103F-16F7-4668-BE54-9A1E7A4F7556}") = "CubeSelecter", "CubeSelecter\CubeSelecter.csproj", "{25AD2AAE-05A1-4B3A-8880-05BC99A838A7}"
EndProject
Project("{FAE04EC0-301F-11D3-BF4B-00C04F79EFBC}") = "InterfacesOfObjects", "InterfacesOfObjects\InterfacesOfObjects.csproj", "{DD68B929-F6F0-4357-83CF-7A05A61F4021}"
EndProject
Global
	GlobalSection(SolutionConfigurationPlatforms) = preSolution
		Debug|Any CPU = Debug|Any CPU
		Release|Any CPU = Release|Any CPU
	EndGlobalSection
	GlobalSection(ProjectConfigurationPlatforms) = postSolution
		{25AD2AAE-05A1-4B3A-8880-05BC99A838A7}.Debug|Any CPU.ActiveCfg = Debug|Any CPU
		{25AD2AAE-05A1-4B3A-8880-05BC99A838A7}.Debug|Any CPU.Build.0 = Debug|Any CPU
		{25AD2AAE-05A1-4B3A-8880-05BC99A838A7}.Release|Any CPU.ActiveCfg = Release|Any CPU
		{25AD2AAE-05A1-4B3A-8880-05BC99A838A7}.Release|Any CPU.Build.0 = Release|Any CPU
		{DD68B929-F6F0-4357-83CF-7A05A61F4021}.Debug|Any CPU.ActiveCfg = Debug|Any CPU
		{DD68B929-F6F0-4357-83CF-7A05A61F4021}.Debug|Any CPU.Build.0 = Debug|Any CPU
		{DD68B929-F6F0-4357-83CF-7A05A61F4021}.Release|Any CPU.ActiveCfg = Release|Any CPU
		{DD68B929-F6F0-4357-83CF-7A05A61F4021}.Release|Any CPU.Build.0 = Release|Any CPU
	EndGlobalSection
	GlobalSection(SolutionProperties) = preSolution
		HideSolutionNode = FALSE
	EndGlobalSection
	GlobalSection(ExtensibilityGlobals) = postSolution
		SolutionGuid = {5D2BA6AD-47D8-4505-A895-7A377A50821D}
	EndGlobalSection
EndGlobal
